
Microsoft Visual Studio Solution File, Format Version 12.00
# Visual Studio Version 17
VisualStudioVersion = 17.7.34031.279
MinimumVisualStudioVersion = 10.0.40219.1
Project("{FAE04EC0-301F-11D3-BF4B-00C04F79EFBC}") = "PMS_API", "PMS_API.csproj", "{F814D7DE-396A-4C7A-80EF-502AAE85F082}"
EndProject
Project("{FAE04EC0-301F-11D3-BF4B-00C04F79EFBC}") = "PMS_API_BAL", "..\PMS_API_BAL\PMS_API_BAL.csproj", "{720D943C-07E8-4DA3-AAB9-4606F4CB14B0}"
EndProject
Project("{FAE04EC0-301F-11D3-BF4B-00C04F79EFBC}") = "PMS_API_DAL", "..\PMS_API_DAL\PMS_API_DAL.csproj", "{BED71563-A795-47EA-98F4-82ABFED12019}"
EndProject
Global
	GlobalSection(SolutionConfigurationPlatforms) = preSolution
		Debug|Any CPU = Debug|Any CPU
		Release|Any CPU = Release|Any CPU
	EndGlobalSection
	GlobalSection(ProjectConfigurationPlatforms) = postSolution
		{F814D7DE-396A-4C7A-80EF-502AAE85F082}.Debug|Any CPU.ActiveCfg = Debug|Any CPU
		{F814D7DE-396A-4C7A-80EF-502AAE85F082}.Debug|Any CPU.Build.0 = Debug|Any CPU
		{F814D7DE-396A-4C7A-80EF-502AAE85F082}.Release|Any CPU.ActiveCfg = Release|Any CPU
		{F814D7DE-396A-4C7A-80EF-502AAE85F082}.Release|Any CPU.Build.0 = Release|Any CPU
		{720D943C-07E8-4DA3-AAB9-4606F4CB14B0}.Debug|Any CPU.ActiveCfg = Debug|Any CPU
		{720D943C-07E8-4DA3-AAB9-4606F4CB14B0}.Debug|Any CPU.Build.0 = Debug|Any CPU
		{720D943C-07E8-4DA3-AAB9-4606F4CB14B0}.Release|Any CPU.ActiveCfg = Release|Any CPU
		{720D943C-07E8-4DA3-AAB9-4606F4CB14B0}.Release|Any CPU.Build.0 = Release|Any CPU
		{BED71563-A795-47EA-98F4-82ABFED12019}.Debug|Any CPU.ActiveCfg = Debug|Any CPU
		{BED71563-A795-47EA-98F4-82ABFED12019}.Debug|Any CPU.Build.0 = Debug|Any CPU
		{BED71563-A795-47EA-98F4-82ABFED12019}.Release|Any CPU.ActiveCfg = Release|Any CPU
		{BED71563-A795-47EA-98F4-82ABFED12019}.Release|Any CPU.Build.0 = Release|Any CPU
	EndGlobalSection
	GlobalSection(SolutionProperties) = preSolution
		HideSolutionNode = FALSE
	EndGlobalSection
	GlobalSection(ExtensibilityGlobals) = postSolution
		SolutionGuid = {96311A5D-3A3A-4C0B-8045-6D18B3D455F3}
	EndGlobalSection
EndGlobal
